
Microsoft Visual Studio Solution File, Format Version 12.00
# Visual Studio Version 17
VisualStudioVersion = 17.9.34616.47
MinimumVisualStudioVersion = 10.0.40219.1
Project("{9A19103F-16F7-4668-BE54-9A1E7A4F7556}") = "KEBZ_Communications.WebAPI", "KEBZ_Communications.WebAPI\KEBZ_Communications.WebAPI.csproj", "{75928B98-33D6-4CD4-9E24-EE595E85904E}"
EndProject
Project("{9A19103F-16F7-4668-BE54-9A1E7A4F7556}") = "Entities", "Entities\Entities.csproj", "{D7C26D3A-2198-41C8-A672-781F7523A91F}"
EndProject
Project("{FAE04EC0-301F-11D3-BF4B-00C04F79EFBC}") = "Contracts", "Contracts\Contracts.csproj", "{BFB1F741-A633-4913-8D3B-A5B116ACCC1D}"
EndProject
Global
	GlobalSection(SolutionConfigurationPlatforms) = preSolution
		Debug|Any CPU = Debug|Any CPU
		Release|Any CPU = Release|Any CPU
	EndGlobalSection
	GlobalSection(ProjectConfigurationPlatforms) = postSolution
		{75928B98-33D6-4CD4-9E24-EE595E85904E}.Debug|Any CPU.ActiveCfg = Debug|Any CPU
		{75928B98-33D6-4CD4-9E24-EE595E85904E}.Debug|Any CPU.Build.0 = Debug|Any CPU
		{75928B98-33D6-4CD4-9E24-EE595E85904E}.Release|Any CPU.ActiveCfg = Release|Any CPU
		{75928B98-33D6-4CD4-9E24-EE595E85904E}.Release|Any CPU.Build.0 = Release|Any CPU
		{D7C26D3A-2198-41C8-A672-781F7523A91F}.Debug|Any CPU.ActiveCfg = Debug|Any CPU
		{D7C26D3A-2198-41C8-A672-781F7523A91F}.Debug|Any CPU.Build.0 = Debug|Any CPU
		{D7C26D3A-2198-41C8-A672-781F7523A91F}.Release|Any CPU.ActiveCfg = Release|Any CPU
		{D7C26D3A-2198-41C8-A672-781F7523A91F}.Release|Any CPU.Build.0 = Release|Any CPU
		{BFB1F741-A633-4913-8D3B-A5B116ACCC1D}.Debug|Any CPU.ActiveCfg = Debug|Any CPU
		{BFB1F741-A633-4913-8D3B-A5B116ACCC1D}.Debug|Any CPU.Build.0 = Debug|Any CPU
		{BFB1F741-A633-4913-8D3B-A5B116ACCC1D}.Release|Any CPU.ActiveCfg = Release|Any CPU
		{BFB1F741-A633-4913-8D3B-A5B116ACCC1D}.Release|Any CPU.Build.0 = Release|Any CPU
	EndGlobalSection
	GlobalSection(SolutionProperties) = preSolution
		HideSolutionNode = FALSE
	EndGlobalSection
	GlobalSection(ExtensibilityGlobals) = postSolution
		SolutionGuid = {A7FBF8C9-407C-4A0E-8A24-E136F8502FE2}
	EndGlobalSection
EndGlobal
